
Microsoft Visual Studio Solution File, Format Version 12.00
Project("{FAE04EC0-301F-11D3-BF4B-00C04F79EFBC}") = "POOFinancas", "POOFinancas.csproj", "{3178D4C6-1B3F-40D5-9B8C-838A02CB271D}"
EndProject
Global
	GlobalSection(SolutionConfigurationPlatforms) = preSolution
		Debug|Any CPU = Debug|Any CPU
		Release|Any CPU = Release|Any CPU
	EndGlobalSection
	GlobalSection(ProjectConfigurationPlatforms) = postSolution
		{3178D4C6-1B3F-40D5-9B8C-838A02CB271D}.Debug|Any CPU.ActiveCfg = Debug|Any CPU
		{3178D4C6-1B3F-40D5-9B8C-838A02CB271D}.Debug|Any CPU.Build.0 = Debug|Any CPU
		{3178D4C6-1B3F-40D5-9B8C-838A02CB271D}.Release|Any CPU.ActiveCfg = Release|Any CPU
		{3178D4C6-1B3F-40D5-9B8C-838A02CB271D}.Release|Any CPU.Build.0 = Release|Any CPU
	EndGlobalSection
EndGlobal
